{
  "name": "@zflow/components",
  "version": "0.0.6",
  "lockfileVersion": 1,
  "requires": true,
  "dependencies": {
    "@types/node": {
      "version": "15.6.1",
      "resolved": "https://registry.npmjs.org/@types/node/-/node-15.6.1.tgz",
      "integrity": "sha512-7EIraBEyRHEe7CH+Fm1XvgqU6uwZN8Q7jppJGcqjROMT29qhAuuOxYB1uEY5UMYQKEmA5D+5tBnhdaPXSsLONA==",
      "dev": true
    },
    "@zflow/types": {
      "version": "0.0.9",
      "resolved": "https://registry.npmjs.org/@zflow/types/-/types-0.0.9.tgz",
      "integrity": "sha512-mR9t4WVebeXuKCG4eMzXeoKRf9Dz4EOCa9gOSm/77o2yhbVL8o0haSOK0yBFUEU/AAFHPSD3PJpfKIMYNB9YIw=="
    },
    "typescript": {
      "version": "4.3.2",
      "resolved": "https://registry.npmjs.org/typescript/-/typescript-4.3.2.tgz",
      "integrity": "sha512-zZ4hShnmnoVnAHpVHWpTcxdv7dWP60S2FsydQLV8V5PbS3FifjWFFRiHSWpDJahly88PRyV5teTSLoq4eG7mKw==",
      "dev": true
    }
  }
}
