{
  "name": "@zflow/components",
  "version": "0.0.25",
  "lockfileVersion": 1,
  "requires": true,
  "dependencies": {
    "@types/node": {
      "version": "15.6.1",
      "resolved": "https://registry.npmjs.org/@types/node/-/node-15.6.1.tgz",
      "integrity": "sha512-7EIraBEyRHEe7CH+Fm1XvgqU6uwZN8Q7jppJGcqjROMT29qhAuuOxYB1uEY5UMYQKEmA5D+5tBnhdaPXSsLONA==",
      "dev": true
    },
    "@zflow/types": {
      "version": "0.0.28",
      "resolved": "https://registry.npmjs.org/@zflow/types/-/types-0.0.28.tgz",
      "integrity": "sha512-xiYggoc0K12AtfTqk9KlzSdLfSaq4XHxPs6IKr4dYbxy+SktQyMQlS8FpsGy6mxmw52T+new5QuW4w5NUuNZRA=="
    },
    "typescript": {
      "version": "4.3.2",
      "resolved": "https://registry.npmjs.org/typescript/-/typescript-4.3.2.tgz",
      "integrity": "sha512-zZ4hShnmnoVnAHpVHWpTcxdv7dWP60S2FsydQLV8V5PbS3FifjWFFRiHSWpDJahly88PRyV5teTSLoq4eG7mKw==",
      "dev": true
    }
  }
}
