{
  "name": "@zflow/components",
  "version": "0.0.31",
  "lockfileVersion": 2,
  "requires": true,
  "packages": {
    "": {
      "name": "@zflow/components",
      "version": "0.0.31",
      "license": "Apache-2.0",
      "dependencies": {
        "@zflow/types": "~0.0.34"
      },
      "devDependencies": {
        "@types/node": "^15.6.1",
        "typescript": "^4.3.2"
      }
    },
    "node_modules/@types/node": {
      "version": "15.6.1",
      "resolved": "https://registry.npmjs.org/@types/node/-/node-15.6.1.tgz",
      "integrity": "sha512-7EIraBEyRHEe7CH+Fm1XvgqU6uwZN8Q7jppJGcqjROMT29qhAuuOxYB1uEY5UMYQKEmA5D+5tBnhdaPXSsLONA==",
      "dev": true
    },
    "node_modules/@zflow/types": {
      "version": "0.0.34",
      "resolved": "https://registry.npmjs.org/@zflow/types/-/types-0.0.34.tgz",
      "integrity": "sha512-+MzjCBZgfn7K3JoeB2E4+3uIwqj7iJPMDCus+tShFL4j4AmOQSb3uxhYaF3aQad6QmT3ImtBelKy0okQOsqxOg=="
    },
    "node_modules/typescript": {
      "version": "4.3.2",
      "resolved": "https://registry.npmjs.org/typescript/-/typescript-4.3.2.tgz",
      "integrity": "sha512-zZ4hShnmnoVnAHpVHWpTcxdv7dWP60S2FsydQLV8V5PbS3FifjWFFRiHSWpDJahly88PRyV5teTSLoq4eG7mKw==",
      "dev": true,
      "bin": {
        "tsc": "bin/tsc",
        "tsserver": "bin/tsserver"
      },
      "engines": {
        "node": ">=4.2.0"
      }
    }
  },
  "dependencies": {
    "@types/node": {
      "version": "15.6.1",
      "resolved": "https://registry.npmjs.org/@types/node/-/node-15.6.1.tgz",
      "integrity": "sha512-7EIraBEyRHEe7CH+Fm1XvgqU6uwZN8Q7jppJGcqjROMT29qhAuuOxYB1uEY5UMYQKEmA5D+5tBnhdaPXSsLONA==",
      "dev": true
    },
    "@zflow/types": {
      "version": "0.0.34",
      "resolved": "https://registry.npmjs.org/@zflow/types/-/types-0.0.34.tgz",
      "integrity": "sha512-+MzjCBZgfn7K3JoeB2E4+3uIwqj7iJPMDCus+tShFL4j4AmOQSb3uxhYaF3aQad6QmT3ImtBelKy0okQOsqxOg=="
    },
    "typescript": {
      "version": "4.3.2",
      "resolved": "https://registry.npmjs.org/typescript/-/typescript-4.3.2.tgz",
      "integrity": "sha512-zZ4hShnmnoVnAHpVHWpTcxdv7dWP60S2FsydQLV8V5PbS3FifjWFFRiHSWpDJahly88PRyV5teTSLoq4eG7mKw==",
      "dev": true
    }
  }
}
